
Microsoft Visual Studio Solution File, Format Version 12.00
# Visual Studio Version 17
VisualStudioVersion = 17.5.002.0
MinimumVisualStudioVersion = 10.0.40219.1
Project("{9A19103F-16F7-4668-BE54-9A1E7A4F7556}") = "ServiceA", "ServiceA\ServiceA.csproj", "{FDF70FFF-052B-43BE-94D9-38D7EE8FCCC7}"
EndProject
Project("{9A19103F-16F7-4668-BE54-9A1E7A4F7556}") = "ServiceB", "ServiceB\ServiceB.csproj", "{8FB99D74-9630-451C-AD09-08288071229E}"
EndProject
Global
	GlobalSection(SolutionConfigurationPlatforms) = preSolution
		Debug|Any CPU = Debug|Any CPU
		Release|Any CPU = Release|Any CPU
	EndGlobalSection
	GlobalSection(ProjectConfigurationPlatforms) = postSolution
		{FDF70FFF-052B-43BE-94D9-38D7EE8FCCC7}.Debug|Any CPU.ActiveCfg = Debug|Any CPU
		{FDF70FFF-052B-43BE-94D9-38D7EE8FCCC7}.Debug|Any CPU.Build.0 = Debug|Any CPU
		{FDF70FFF-052B-43BE-94D9-38D7EE8FCCC7}.Release|Any CPU.ActiveCfg = Release|Any CPU
		{FDF70FFF-052B-43BE-94D9-38D7EE8FCCC7}.Release|Any CPU.Build.0 = Release|Any CPU
		{8FB99D74-9630-451C-AD09-08288071229E}.Debug|Any CPU.ActiveCfg = Debug|Any CPU
		{8FB99D74-9630-451C-AD09-08288071229E}.Debug|Any CPU.Build.0 = Debug|Any CPU
		{8FB99D74-9630-451C-AD09-08288071229E}.Release|Any CPU.ActiveCfg = Release|Any CPU
		{8FB99D74-9630-451C-AD09-08288071229E}.Release|Any CPU.Build.0 = Release|Any CPU
	EndGlobalSection
	GlobalSection(SolutionProperties) = preSolution
		HideSolutionNode = FALSE
	EndGlobalSection
	GlobalSection(ExtensibilityGlobals) = postSolution
		SolutionGuid = {2C10F4A1-EB79-4639-BF84-54F0BD509808}
	EndGlobalSection
EndGlobal
